
Microsoft Visual Studio Solution File, Format Version 12.00
# Visual Studio Version 16
VisualStudioVersion = 25.0.1706.1
MinimumVisualStudioVersion = 10.0.40219.1
Project("{FAE04EC0-301F-11D3-BF4B-00C04F79EFBC}") = "Used Car Lot", "Used Car Lot\Used Car Lot.csproj", "{5083396F-64EF-49EE-BA5C-35BE59F1E7C7}"
EndProject
Global
	GlobalSection(SolutionConfigurationPlatforms) = preSolution
		Debug|Any CPU = Debug|Any CPU
		Release|Any CPU = Release|Any CPU
	EndGlobalSection
	GlobalSection(ProjectConfigurationPlatforms) = postSolution
		{5083396F-64EF-49EE-BA5C-35BE59F1E7C7}.Debug|Any CPU.ActiveCfg = Debug|Any CPU
		{5083396F-64EF-49EE-BA5C-35BE59F1E7C7}.Debug|Any CPU.Build.0 = Debug|Any CPU
		{5083396F-64EF-49EE-BA5C-35BE59F1E7C7}.Release|Any CPU.ActiveCfg = Release|Any CPU
		{5083396F-64EF-49EE-BA5C-35BE59F1E7C7}.Release|Any CPU.Build.0 = Release|Any CPU
	EndGlobalSection
	GlobalSection(SolutionProperties) = preSolution
		HideSolutionNode = FALSE
	EndGlobalSection
	GlobalSection(ExtensibilityGlobals) = postSolution
		SolutionGuid = {214B01AB-F354-4F2E-8DB8-6300DCBB9675}
	EndGlobalSection
EndGlobal
